// !$*UTF8*$!
{
	archiveVersion = 1;
	classes = {
	};
	objectVersion = 46;
	objects = {

/* Begin PBXBuildFile section */
		66E716C7193675BB00548491 /* Foundation.framework in Frameworks */ = {isa = PBXBuildFile; fileRef = 66E716C6193675BB00548491 /* Foundation.framework */; };
		66E716C9193675BB00548491 /* CoreGraphics.framework in Frameworks */ = {isa = PBXBuildFile; fileRef = 66E716C8193675BB00548491 /* CoreGraphics.framework */; };
		66E716CB193675BB00548491 /* UIKit.framework in Frameworks */ = {isa = PBXBuildFile; fileRef = 66E716CA193675BB00548491 /* UIKit.framework */; };
		66E716D1193675BB00548491 /* InfoPlist.strings in Resources */ = {isa = PBXBuildFile; fileRef = 66E716CF193675BB00548491 /* InfoPlist.strings */; };
		66E716D3193675BB00548491 /* main.m in Sources */ = {isa = PBXBuildFile; fileRef = 66E716D2193675BB00548491 /* main.m */; };
		66E716D7193675BB00548491 /* MMAppDelegate.m in Sources */ = {isa = PBXBuildFile; fileRef = 66E716D6193675BB00548491 /* MMAppDelegate.m */; };
		66E716DD193675BB00548491 /* MMThumbnailPPTController.m in Sources */ = {isa = PBXBuildFile; fileRef = 66E716DC193675BB00548491 /* MMThumbnailPPTController.m */; };
		66E716DF193675BB00548491 /* Images.xcassets in Resources */ = {isa = PBXBuildFile; fileRef = 66E716DE193675BB00548491 /* Images.xcassets */; };
		66E7170F1936FBEB00548491 /* WorstPresentationEverStandAlone.ppt in Resources */ = {isa = PBXBuildFile; fileRef = 66E7170E1936FBC300548491 /* WorstPresentationEverStandAlone.ppt */; };
/* End PBXBuildFile section */

/* Begin PBXFileReference section */
		66E716C3193675BB00548491 /* PowerPointThumb.app */ = {isa = PBXFileReference; explicitFileType = wrapper.application; includeInIndex = 0; path = PowerPointThumb.app; sourceTree = BUILT_PRODUCTS_DIR; };
		66E716C6193675BB00548491 /* Foundation.framework */ = {isa = PBXFileReference; lastKnownFileType = wrapper.framework; name = Foundation.framework; path = System/Library/Frameworks/Foundation.framework; sourceTree = SDKROOT; };
		66E716C8193675BB00548491 /* CoreGraphics.framework */ = {isa = PBXFileReference; lastKnownFileType = wrapper.framework; name = CoreGraphics.framework; path = System/Library/Frameworks/CoreGraphics.framework; sourceTree = SDKROOT; };
		66E716CA193675BB00548491 /* UIKit.framework */ = {isa = PBXFileReference; lastKnownFileType = wrapper.framework; name = UIKit.framework; path = System/Library/Frameworks/UIKit.framework; sourceTree = SDKROOT; };
		66E716CE193675BB00548491 /* PowerPointThumb-Info.plist */ = {isa = PBXFileReference; lastKnownFileType = text.plist.xml; path = "PowerPointThumb-Info.plist"; sourceTree = "<group>"; };
		66E716D0193675BB00548491 /* en */ = {isa = PBXFileReference; lastKnownFileType = text.plist.strings; name = en; path = en.lproj/InfoPlist.strings; sourceTree = "<group>"; };
		66E716D2193675BB00548491 /* main.m */ = {isa = PBXFileReference; lastKnownFileType = sourcecode.c.objc; path = main.m; sourceTree = "<group>"; };
		66E716D4193675BB00548491 /* PowerPointThumb-Prefix.pch */ = {isa = PBXFileReference; lastKnownFileType = sourcecode.c.h; path = "PowerPointThumb-Prefix.pch"; sourceTree = "<group>"; };
		66E716D5193675BB00548491 /* MMAppDelegate.h */ = {isa = PBXFileReference; lastKnownFileType = sourcecode.c.h; path = MMAppDelegate.h; sourceTree = "<group>"; };
		66E716D6193675BB00548491 /* MMAppDelegate.m */ = {isa = PBXFileReference; lastKnownFileType = sourcecode.c.objc; path = MMAppDelegate.m; sourceTree = "<group>"; };
		66E716DB193675BB00548491 /* MMThumbnailPPTController.h */ = {isa = PBXFileReference; lastKnownFileType = sourcecode.c.h; path = MMThumbnailPPTController.h; sourceTree = "<group>"; };
		66E716DC193675BB00548491 /* MMThumbnailPPTController.m */ = {isa = PBXFileReference; lastKnownFileType = sourcecode.c.objc; path = MMThumbnailPPTController.m; sourceTree = "<group>"; };
		66E716DE193675BB00548491 /* Images.xcassets */ = {isa = PBXFileReference; lastKnownFileType = folder.assetcatalog; path = Images.xcassets; sourceTree = "<group>"; };
		66E7170E1936FBC300548491 /* WorstPresentationEverStandAlone.ppt */ = {isa = PBXFileReference; lastKnownFileType = file; path = WorstPresentationEverStandAlone.ppt; sourceTree = "<group>"; };
/* End PBXFileReference section */

/* Begin PBXFrameworksBuildPhase section */
		66E716C0193675BB00548491 /* Frameworks */ = {
			isa = PBXFrameworksBuildPhase;
			buildActionMask = 2147483647;
			files = (
				66E716C9193675BB00548491 /* CoreGraphics.framework in Frameworks */,
				66E716CB193675BB00548491 /* UIKit.framework in Frameworks */,
				66E716C7193675BB00548491 /* Foundation.framework in Frameworks */,
			);
			runOnlyForDeploymentPostprocessing = 0;
		};
/* End PBXFrameworksBuildPhase section */

/* Begin PBXGroup section */
		66E716BA193675BB00548491 = {
			isa = PBXGroup;
			children = (
				66E716CC193675BB00548491 /* PowerPointThumb */,
				66E716C5193675BB00548491 /* Frameworks */,
				66E716C4193675BB00548491 /* Products */,
			);
			sourceTree = "<group>";
		};
		66E716C4193675BB00548491 /* Products */ = {
			isa = PBXGroup;
			children = (
				66E716C3193675BB00548491 /* PowerPointThumb.app */,
			);
			name = Products;
			sourceTree = "<group>";
		};
		66E716C5193675BB00548491 /* Frameworks */ = {
			isa = PBXGroup;
			children = (
				66E716C6193675BB00548491 /* Foundation.framework */,
				66E716C8193675BB00548491 /* CoreGraphics.framework */,
				66E716CA193675BB00548491 /* UIKit.framework */,
			);
			name = Frameworks;
			sourceTree = "<group>";
		};
		66E716CC193675BB00548491 /* PowerPointThumb */ = {
			isa = PBXGroup;
			children = (
				66E716D5193675BB00548491 /* MMAppDelegate.h */,
				66E716D6193675BB00548491 /* MMAppDelegate.m */,
				66E716DB193675BB00548491 /* MMThumbnailPPTController.h */,
				66E716DC193675BB00548491 /* MMThumbnailPPTController.m */,
				66E716DE193675BB00548491 /* Images.xcassets */,
				66E716CD193675BB00548491 /* Supporting Files */,
			);
			name = PowerPointThumb;
			path = OfflineReader;
			sourceTree = "<group>";
		};
		66E716CD193675BB00548491 /* Supporting Files */ = {
			isa = PBXGroup;
			children = (
				66E7170E1936FBC300548491 /* WorstPresentationEverStandAlone.ppt */,
				66E716CE193675BB00548491 /* PowerPointThumb-Info.plist */,
				66E716CF193675BB00548491 /* InfoPlist.strings */,
				66E716D2193675BB00548491 /* main.m */,
				66E716D4193675BB00548491 /* PowerPointThumb-Prefix.pch */,
			);
			name = "Supporting Files";
			sourceTree = "<group>";
		};
/* End PBXGroup section */

/* Begin PBXNativeTarget section */
		66E716C2193675BB00548491 /* PowerPointThumb */ = {
			isa = PBXNativeTarget;
			buildConfigurationList = 66E716F5193675BB00548491 /* Build configuration list for PBXNativeTarget "PowerPointThumb" */;
			buildPhases = (
				66E716BF193675BB00548491 /* Sources */,
				66E716C0193675BB00548491 /* Frameworks */,
				66E716C1193675BB00548491 /* Resources */,
			);
			buildRules = (
			);
			dependencies = (
			);
			name = PowerPointThumb;
			productName = OfflineReader;
			productReference = 66E716C3193675BB00548491 /* PowerPointThumb.app */;
			productType = "com.apple.product-type.application";
		};
/* End PBXNativeTarget section */

/* Begin PBXProject section */
		66E716BB193675BB00548491 /* Project object */ = {
			isa = PBXProject;
			attributes = {
				CLASSPREFIX = MM;
				LastUpgradeCheck = 0510;
				ORGANIZATIONNAME = "Adam Wulf";
			};
			buildConfigurationList = 66E716BE193675BB00548491 /* Build configuration list for PBXProject "PowerPointThumb" */;
			compatibilityVersion = "Xcode 3.2";
			developmentRegion = English;
			hasScannedForEncodings = 0;
			knownRegions = (
				en,
				Base,
			);
			mainGroup = 66E716BA193675BB00548491;
			productRefGroup = 66E716C4193675BB00548491 /* Products */;
			projectDirPath = "";
			projectRoot = "";
			targets = (
				66E716C2193675BB00548491 /* PowerPointThumb */,
			);
		};
/* End PBXProject section */

/* Begin PBXResourcesBuildPhase section */
		66E716C1193675BB00548491 /* Resources */ = {
			isa = PBXResourcesBuildPhase;
			buildActionMask = 2147483647;
			files = (
				66E716DF193675BB00548491 /* Images.xcassets in Resources */,
				66E7170F1936FBEB00548491 /* WorstPresentationEverStandAlone.ppt in Resources */,
				66E716D1193675BB00548491 /* InfoPlist.strings in Resources */,
			);
			runOnlyForDeploymentPostprocessing = 0;
		};
/* End PBXResourcesBuildPhase section */

/* Begin PBXSourcesBuildPhase section */
		66E716BF193675BB00548491 /* Sources */ = {
			isa = PBXSourcesBuildPhase;
			buildActionMask = 2147483647;
			files = (
				66E716D7193675BB00548491 /* MMAppDelegate.m in Sources */,
				66E716DD193675BB00548491 /* MMThumbnailPPTController.m in Sources */,
				66E716D3193675BB00548491 /* main.m in Sources */,
			);
			runOnlyForDeploymentPostprocessing = 0;
		};
/* End PBXSourcesBuildPhase section */

/* Begin PBXVariantGroup section */
		66E716CF193675BB00548491 /* InfoPlist.strings */ = {
			isa = PBXVariantGroup;
			children = (
				66E716D0193675BB00548491 /* en */,
			);
			name = InfoPlist.strings;
			sourceTree = "<group>";
		};
/* End PBXVariantGroup section */

/* Begin XCBuildConfiguration section */
		66E716F3193675BB00548491 /* Debug */ = {
			isa = XCBuildConfiguration;
			buildSettings = {
				ALWAYS_SEARCH_USER_PATHS = NO;
				CLANG_CXX_LANGUAGE_STANDARD = "gnu++0x";
				CLANG_CXX_LIBRARY = "libc++";
				CLANG_ENABLE_MODULES = YES;
				CLANG_ENABLE_OBJC_ARC = YES;
				CLANG_WARN_BOOL_CONVERSION = YES;
				CLANG_WARN_CONSTANT_CONVERSION = YES;
				CLANG_WARN_DIRECT_OBJC_ISA_USAGE = YES_ERROR;
				CLANG_WARN_EMPTY_BODY = YES;
				CLANG_WARN_ENUM_CONVERSION = YES;
				CLANG_WARN_INT_CONVERSION = YES;
				CLANG_WARN_OBJC_ROOT_CLASS = YES_ERROR;
				CLANG_WARN__DUPLICATE_METHOD_MATCH = YES;
				"CODE_SIGN_IDENTITY[sdk=iphoneos*]" = "iPhone Developer";
				COPY_PHASE_STRIP = NO;
				GCC_C_LANGUAGE_STANDARD = gnu99;
				GCC_DYNAMIC_NO_PIC = NO;
				GCC_OPTIMIZATION_LEVEL = 0;
				GCC_PREPROCESSOR_DEFINITIONS = (
					"DEBUG=1",
					"$(inherited)",
				);
				GCC_SYMBOLS_PRIVATE_EXTERN = NO;
				GCC_WARN_64_TO_32_BIT_CONVERSION = YES;
				GCC_WARN_ABOUT_RETURN_TYPE = YES_ERROR;
				GCC_WARN_UNDECLARED_SELECTOR = YES;
				GCC_WARN_UNINITIALIZED_AUTOS = YES_AGGRESSIVE;
				GCC_WARN_UNUSED_FUNCTION = YES;
				GCC_WARN_UNUSED_VARIABLE = YES;
				IPHONEOS_DEPLOYMENT_TARGET = 7.1;
				ONLY_ACTIVE_ARCH = YES;
				SDKROOT = iphoneos;
				TARGETED_DEVICE_FAMILY = 2;
			};
			name = Debug;
		};
		66E716F4193675BB00548491 /* Release */ = {
			isa = XCBuildConfiguration;
			buildSettings = {
				ALWAYS_SEARCH_USER_PATHS = NO;
				CLANG_CXX_LANGUAGE_STANDARD = "gnu++0x";
				CLANG_CXX_LIBRARY = "libc++";
				CLANG_ENABLE_MODULES = YES;
				CLANG_ENABLE_OBJC_ARC = YES;
				CLANG_WARN_BOOL_CONVERSION = YES;
				CLANG_WARN_CONSTANT_CONVERSION = YES;
				CLANG_WARN_DIRECT_OBJC_ISA_USAGE = YES_ERROR;
				CLANG_WARN_EMPTY_BODY = YES;
				CLANG_WARN_ENUM_CONVERSION = YES;
				CLANG_WARN_INT_CONVERSION = YES;
				CLANG_WARN_OBJC_ROOT_CLASS = YES_ERROR;
				CLANG_WARN__DUPLICATE_METHOD_MATCH = YES;
				"CODE_SIGN_IDENTITY[sdk=iphoneos*]" = "iPhone Developer";
				COPY_PHASE_STRIP = YES;
				ENABLE_NS_ASSERTIONS = NO;
				GCC_C_LANGUAGE_STANDARD = gnu99;
				GCC_WARN_64_TO_32_BIT_CONVERSION = YES;
				GCC_WARN_ABOUT_RETURN_TYPE = YES_ERROR;
				GCC_WARN_UNDECLARED_SELECTOR = YES;
				GCC_WARN_UNINITIALIZED_AUTOS = YES_AGGRESSIVE;
				GCC_WARN_UNUSED_FUNCTION = YES;
				GCC_WARN_UNUSED_VARIABLE = YES;
				IPHONEOS_DEPLOYMENT_TARGET = 7.1;
				SDKROOT = iphoneos;
				TARGETED_DEVICE_FAMILY = 2;
				VALIDATE_PRODUCT = YES;
			};
			name = Release;
		};
		66E716F6193675BB00548491 /* Debug */ = {
			isa = XCBuildConfiguration;
			buildSettings = {
				ASSETCATALOG_COMPILER_APPICON_NAME = AppIcon;
				ASSETCATALOG_COMPILER_LAUNCHIMAGE_NAME = LaunchImage;
				GCC_PRECOMPILE_PREFIX_HEADER = YES;
				GCC_PREFIX_HEADER = "OfflineReader/PowerPointThumb-Prefix.pch";
				INFOPLIST_FILE = "OfflineReader/PowerPointThumb-Info.plist";
				PRODUCT_NAME = PowerPointThumb;
				TARGETED_DEVICE_FAMILY = "1,2";
				WRAPPER_EXTENSION = app;
			};
			name = Debug;
		};
		66E716F7193675BB00548491 /* Release */ = {
			isa = XCBuildConfiguration;
			buildSettings = {
				ASSETCATALOG_COMPILER_APPICON_NAME = AppIcon;
				ASSETCATALOG_COMPILER_LAUNCHIMAGE_NAME = LaunchImage;
				GCC_PRECOMPILE_PREFIX_HEADER = YES;
				GCC_PREFIX_HEADER = "OfflineReader/PowerPointThumb-Prefix.pch";
				INFOPLIST_FILE = "OfflineReader/PowerPointThumb-Info.plist";
				PRODUCT_NAME = PowerPointThumb;
				TARGETED_DEVICE_FAMILY = "1,2";
				WRAPPER_EXTENSION = app;
			};
			name = Release;
		};
/* End XCBuildConfiguration section */

/* Begin XCConfigurationList section */
		66E716BE193675BB00548491 /* Build configuration list for PBXProject "PowerPointThumb" */ = {
			isa = XCConfigurationList;
			buildConfigurations = (
				66E716F3193675BB00548491 /* Debug */,
				66E716F4193675BB00548491 /* Release */,
			);
			defaultConfigurationIsVisible = 0;
			defaultConfigurationName = Release;
		};
		66E716F5193675BB00548491 /* Build configuration list for PBXNativeTarget "PowerPointThumb" */ = {
			isa = XCConfigurationList;
			buildConfigurations = (
				66E716F6193675BB00548491 /* Debug */,
				66E716F7193675BB00548491 /* Release */,
			);
			defaultConfigurationIsVisible = 0;
			defaultConfigurationName = Release;
		};
/* End XCConfigurationList section */
	};
	rootObject = 66E716BB193675BB00548491 /* Project object */;
}
